
Microsoft Visual Studio Solution File, Format Version 12.00
# Visual Studio Version 16
VisualStudioVersion = 16.0.31105.61
MinimumVisualStudioVersion = 10.0.40219.1
Project("{8BC9CEB8-8B4A-11D0-8D11-00A0C91BC942}") = "LFA Generare Cuvinte", "LFA Generare Cuvinte.vcxproj", "{D3F0FF6B-8749-472F-AD54-C46F05B406C2}"
EndProject
Global
	GlobalSection(SolutionConfigurationPlatforms) = preSolution
		Debug|x64 = Debug|x64
		Debug|x86 = Debug|x86
		Release|x64 = Release|x64
		Release|x86 = Release|x86
	EndGlobalSection
	GlobalSection(ProjectConfigurationPlatforms) = postSolution
		{D3F0FF6B-8749-472F-AD54-C46F05B406C2}.Debug|x64.ActiveCfg = Debug|x64
		{D3F0FF6B-8749-472F-AD54-C46F05B406C2}.Debug|x64.Build.0 = Debug|x64
		{D3F0FF6B-8749-472F-AD54-C46F05B406C2}.Debug|x86.ActiveCfg = Debug|Win32
		{D3F0FF6B-8749-472F-AD54-C46F05B406C2}.Debug|x86.Build.0 = Debug|Win32
		{D3F0FF6B-8749-472F-AD54-C46F05B406C2}.Release|x64.ActiveCfg = Release|x64
		{D3F0FF6B-8749-472F-AD54-C46F05B406C2}.Release|x64.Build.0 = Release|x64
		{D3F0FF6B-8749-472F-AD54-C46F05B406C2}.Release|x86.ActiveCfg = Release|Win32
		{D3F0FF6B-8749-472F-AD54-C46F05B406C2}.Release|x86.Build.0 = Release|Win32
	EndGlobalSection
	GlobalSection(SolutionProperties) = preSolution
		HideSolutionNode = FALSE
	EndGlobalSection
	GlobalSection(ExtensibilityGlobals) = postSolution
		SolutionGuid = {FC30FBB7-34B6-4C14-BD29-4C9BB6E4C958}
	EndGlobalSection
EndGlobal
