
Microsoft Visual Studio Solution File, Format Version 12.00
# Visual Studio Version 16
VisualStudioVersion = 16.0.31729.503
MinimumVisualStudioVersion = 10.0.40219.1
Project("{FAE04EC0-301F-11D3-BF4B-00C04F79EFBC}") = "WebApplication1", "WebApplication1.csproj", "{EF109544-09FB-4A3C-B7DF-4D1BFFDAD578}"
EndProject
Global
	GlobalSection(SolutionConfigurationPlatforms) = preSolution
		Debug|Any CPU = Debug|Any CPU
		Release|Any CPU = Release|Any CPU
	EndGlobalSection
	GlobalSection(ProjectConfigurationPlatforms) = postSolution
		{EF109544-09FB-4A3C-B7DF-4D1BFFDAD578}.Debug|Any CPU.ActiveCfg = Debug|Any CPU
		{EF109544-09FB-4A3C-B7DF-4D1BFFDAD578}.Debug|Any CPU.Build.0 = Debug|Any CPU
		{EF109544-09FB-4A3C-B7DF-4D1BFFDAD578}.Release|Any CPU.ActiveCfg = Release|Any CPU
		{EF109544-09FB-4A3C-B7DF-4D1BFFDAD578}.Release|Any CPU.Build.0 = Release|Any CPU
	EndGlobalSection
	GlobalSection(SolutionProperties) = preSolution
		HideSolutionNode = FALSE
	EndGlobalSection
	GlobalSection(ExtensibilityGlobals) = postSolution
		SolutionGuid = {E29EC07C-71C1-4E99-A071-68D4A634D223}
	EndGlobalSection
EndGlobal
