
Microsoft Visual Studio Solution File, Format Version 12.00
# Visual Studio Version 16
VisualStudioVersion = 16.0.31729.503
MinimumVisualStudioVersion = 10.0.40219.1
Project("{FAE04EC0-301F-11D3-BF4B-00C04F79EFBC}") = "ClassLibrary2", "ClassLibrary2.csproj", "{43486772-73CA-4A47-94A6-F12E23AE3721}"
EndProject
Global
	GlobalSection(SolutionConfigurationPlatforms) = preSolution
		Debug|Any CPU = Debug|Any CPU
		Release|Any CPU = Release|Any CPU
	EndGlobalSection
	GlobalSection(ProjectConfigurationPlatforms) = postSolution
		{43486772-73CA-4A47-94A6-F12E23AE3721}.Debug|Any CPU.ActiveCfg = Debug|Any CPU
		{43486772-73CA-4A47-94A6-F12E23AE3721}.Debug|Any CPU.Build.0 = Debug|Any CPU
		{43486772-73CA-4A47-94A6-F12E23AE3721}.Release|Any CPU.ActiveCfg = Release|Any CPU
		{43486772-73CA-4A47-94A6-F12E23AE3721}.Release|Any CPU.Build.0 = Release|Any CPU
	EndGlobalSection
	GlobalSection(SolutionProperties) = preSolution
		HideSolutionNode = FALSE
	EndGlobalSection
	GlobalSection(ExtensibilityGlobals) = postSolution
		SolutionGuid = {F0C49AB3-D3AA-496A-B15A-D355DD76CC2A}
	EndGlobalSection
EndGlobal
